
Microsoft Visual Studio Solution File, Format Version 12.00
# Visual Studio Version 17
VisualStudioVersion = 17.9.34723.18
MinimumVisualStudioVersion = 10.0.40219.1
Project("{8BC9CEB8-8B4A-11D0-8D11-00A0C91BC942}") = "力扣测试", "力扣测试.vcxproj", "{1004FB92-A331-40B9-9276-A69D6A1C3FEA}"
EndProject
Global
	GlobalSection(SolutionConfigurationPlatforms) = preSolution
		Debug|x64 = Debug|x64
		Debug|x86 = Debug|x86
		Release|x64 = Release|x64
		Release|x86 = Release|x86
	EndGlobalSection
	GlobalSection(ProjectConfigurationPlatforms) = postSolution
		{1004FB92-A331-40B9-9276-A69D6A1C3FEA}.Debug|x64.ActiveCfg = Debug|x64
		{1004FB92-A331-40B9-9276-A69D6A1C3FEA}.Debug|x64.Build.0 = Debug|x64
		{1004FB92-A331-40B9-9276-A69D6A1C3FEA}.Debug|x86.ActiveCfg = Debug|Win32
		{1004FB92-A331-40B9-9276-A69D6A1C3FEA}.Debug|x86.Build.0 = Debug|Win32
		{1004FB92-A331-40B9-9276-A69D6A1C3FEA}.Release|x64.ActiveCfg = Release|x64
		{1004FB92-A331-40B9-9276-A69D6A1C3FEA}.Release|x64.Build.0 = Release|x64
		{1004FB92-A331-40B9-9276-A69D6A1C3FEA}.Release|x86.ActiveCfg = Release|Win32
		{1004FB92-A331-40B9-9276-A69D6A1C3FEA}.Release|x86.Build.0 = Release|Win32
	EndGlobalSection
	GlobalSection(SolutionProperties) = preSolution
		HideSolutionNode = FALSE
	EndGlobalSection
	GlobalSection(ExtensibilityGlobals) = postSolution
		SolutionGuid = {68A60A5E-265F-41B3-B576-16ACC72A814B}
	EndGlobalSection
EndGlobal
